
Microsoft Visual Studio Solution File, Format Version 12.00
# Visual Studio Version 16
VisualStudioVersion = 16.0.29920.165
MinimumVisualStudioVersion = 10.0.40219.1
Project("{FAE04EC0-301F-11D3-BF4B-00C04F79EFBC}") = "Modul_5_kel41", "Modul_5_kel41.csproj", "{8AE414D0-DFE3-405F-A06B-15D0664CF210}"
EndProject
Global
	GlobalSection(SolutionConfigurationPlatforms) = preSolution
		Debug|Any CPU = Debug|Any CPU
		Release|Any CPU = Release|Any CPU
	EndGlobalSection
	GlobalSection(ProjectConfigurationPlatforms) = postSolution
		{8AE414D0-DFE3-405F-A06B-15D0664CF210}.Debug|Any CPU.ActiveCfg = Debug|Any CPU
		{8AE414D0-DFE3-405F-A06B-15D0664CF210}.Debug|Any CPU.Build.0 = Debug|Any CPU
		{8AE414D0-DFE3-405F-A06B-15D0664CF210}.Release|Any CPU.ActiveCfg = Release|Any CPU
		{8AE414D0-DFE3-405F-A06B-15D0664CF210}.Release|Any CPU.Build.0 = Release|Any CPU
	EndGlobalSection
	GlobalSection(SolutionProperties) = preSolution
		HideSolutionNode = FALSE
	EndGlobalSection
	GlobalSection(ExtensibilityGlobals) = postSolution
		SolutionGuid = {CE1CAA07-1669-4C5E-B348-4055E03A2034}
	EndGlobalSection
EndGlobal
